
Microsoft Visual Studio Solution File, Format Version 12.00
# Visual Studio Version 17
VisualStudioVersion = 17.0.32112.339
MinimumVisualStudioVersion = 10.0.40219.1
Project("{FAE04EC0-301F-11D3-BF4B-00C04F79EFBC}") = "ce103-hw6-calc-app-cs", "ce103-hw6-calc-app-cs.csproj", "{1401EF03-8C3D-485A-BCEA-7D31CE357C45}"
EndProject
Project("{FAE04EC0-301F-11D3-BF4B-00C04F79EFBC}") = "ce103-hw6-calc-test-cs", "..\ce103-hw6-calc-test-cs\ce103-hw6-calc-test-cs.csproj", "{A20E00A1-4B9E-4974-B178-2C777C09C4F3}"
EndProject
Global
	GlobalSection(SolutionConfigurationPlatforms) = preSolution
		Debug|Any CPU = Debug|Any CPU
		Release|Any CPU = Release|Any CPU
	EndGlobalSection
	GlobalSection(ProjectConfigurationPlatforms) = postSolution
		{1401EF03-8C3D-485A-BCEA-7D31CE357C45}.Debug|Any CPU.ActiveCfg = Debug|Any CPU
		{1401EF03-8C3D-485A-BCEA-7D31CE357C45}.Debug|Any CPU.Build.0 = Debug|Any CPU
		{1401EF03-8C3D-485A-BCEA-7D31CE357C45}.Release|Any CPU.ActiveCfg = Release|Any CPU
		{1401EF03-8C3D-485A-BCEA-7D31CE357C45}.Release|Any CPU.Build.0 = Release|Any CPU
		{A20E00A1-4B9E-4974-B178-2C777C09C4F3}.Debug|Any CPU.ActiveCfg = Debug|Any CPU
		{A20E00A1-4B9E-4974-B178-2C777C09C4F3}.Debug|Any CPU.Build.0 = Debug|Any CPU
		{A20E00A1-4B9E-4974-B178-2C777C09C4F3}.Release|Any CPU.ActiveCfg = Release|Any CPU
		{A20E00A1-4B9E-4974-B178-2C777C09C4F3}.Release|Any CPU.Build.0 = Release|Any CPU
	EndGlobalSection
	GlobalSection(SolutionProperties) = preSolution
		HideSolutionNode = FALSE
	EndGlobalSection
	GlobalSection(ExtensibilityGlobals) = postSolution
		SolutionGuid = {AFE0BB69-A82C-4A2A-A0DC-5F95D35C231B}
	EndGlobalSection
EndGlobal
